
Microsoft Visual Studio Solution File, Format Version 12.00
# Visual Studio Version 17
VisualStudioVersion = 17.2.32519.379
MinimumVisualStudioVersion = 10.0.40219.1
Project("{FAE04EC0-301F-11D3-BF4B-00C04F79EFBC}") = "Client", "Client.csproj", "{49850CDC-A2D0-499C-BDF3-D08247D7516E}"
EndProject
Global
	GlobalSection(SolutionConfigurationPlatforms) = preSolution
		Debug|Any CPU = Debug|Any CPU
		Release|Any CPU = Release|Any CPU
	EndGlobalSection
	GlobalSection(ProjectConfigurationPlatforms) = postSolution
		{49850CDC-A2D0-499C-BDF3-D08247D7516E}.Debug|Any CPU.ActiveCfg = Debug|Any CPU
		{49850CDC-A2D0-499C-BDF3-D08247D7516E}.Debug|Any CPU.Build.0 = Debug|Any CPU
		{49850CDC-A2D0-499C-BDF3-D08247D7516E}.Release|Any CPU.ActiveCfg = Release|Any CPU
		{49850CDC-A2D0-499C-BDF3-D08247D7516E}.Release|Any CPU.Build.0 = Release|Any CPU
	EndGlobalSection
	GlobalSection(SolutionProperties) = preSolution
		HideSolutionNode = FALSE
	EndGlobalSection
	GlobalSection(ExtensibilityGlobals) = postSolution
		SolutionGuid = {89F3A5E6-D4DB-41A9-BFDB-1BD029226EE0}
	EndGlobalSection
EndGlobal
